
Microsoft Visual Studio Solution File, Format Version 12.00
# Visual Studio Version 16
VisualStudioVersion = 16.0.29806.167
MinimumVisualStudioVersion = 10.0.40219.1
Project("{FAE04EC0-301F-11D3-BF4B-00C04F79EFBC}") = "UdemyTutorial", "UdemyTutorial\UdemyTutorial.csproj", "{10837A09-BC0B-4C19-9D10-D48C3BD7FA7E}"
EndProject
Global
	GlobalSection(SolutionConfigurationPlatforms) = preSolution
		Debug|Any CPU = Debug|Any CPU
		Release|Any CPU = Release|Any CPU
	EndGlobalSection
	GlobalSection(ProjectConfigurationPlatforms) = postSolution
		{10837A09-BC0B-4C19-9D10-D48C3BD7FA7E}.Debug|Any CPU.ActiveCfg = Debug|Any CPU
		{10837A09-BC0B-4C19-9D10-D48C3BD7FA7E}.Debug|Any CPU.Build.0 = Debug|Any CPU
		{10837A09-BC0B-4C19-9D10-D48C3BD7FA7E}.Release|Any CPU.ActiveCfg = Release|Any CPU
		{10837A09-BC0B-4C19-9D10-D48C3BD7FA7E}.Release|Any CPU.Build.0 = Release|Any CPU
	EndGlobalSection
	GlobalSection(SolutionProperties) = preSolution
		HideSolutionNode = FALSE
	EndGlobalSection
	GlobalSection(ExtensibilityGlobals) = postSolution
		SolutionGuid = {BF95A67E-AED3-4C8B-A144-34BD5D69114B}
	EndGlobalSection
EndGlobal
